// !$*UTF8*$!
{
	archiveVersion = 1;
	classes = {
	};
	objectVersion = 55;
	objects = {

/* Begin PBXBuildFile section */
		7E47F55EA97D6B131BE8438A /* Pods_MovieApp.framework in Frameworks */ = {isa = PBXBuildFile; fileRef = 6BDD35E13162C5C35D4AFE75 /* Pods_MovieApp.framework */; };
		FA5390192788843E00A387D7 /* DetailVC.swift in Sources */ = {isa = PBXBuildFile; fileRef = FA5390182788843E00A387D7 /* DetailVC.swift */; };
		FA53901B2788844C00A387D7 /* DetailVM.swift in Sources */ = {isa = PBXBuildFile; fileRef = FA53901A2788844C00A387D7 /* DetailVM.swift */; };
		FA592EBE2784E78200992510 /* MineTableViewCell.swift in Sources */ = {isa = PBXBuildFile; fileRef = FA592EBC2784E78200992510 /* MineTableViewCell.swift */; };
		FA592EBF2784E78200992510 /* MineTableViewCell.xib in Resources */ = {isa = PBXBuildFile; fileRef = FA592EBD2784E78200992510 /* MineTableViewCell.xib */; };
		FAB3D088276F89E50002C6D0 /* AppDelegate.swift in Sources */ = {isa = PBXBuildFile; fileRef = FAB3D087276F89E50002C6D0 /* AppDelegate.swift */; };
		FAB3D08A276F89E50002C6D0 /* SceneDelegate.swift in Sources */ = {isa = PBXBuildFile; fileRef = FAB3D089276F89E50002C6D0 /* SceneDelegate.swift */; };
		FAB3D08C276F89E50002C6D0 /* MainVC.swift in Sources */ = {isa = PBXBuildFile; fileRef = FAB3D08B276F89E50002C6D0 /* MainVC.swift */; };
		FAB3D08F276F89E50002C6D0 /* Main.storyboard in Resources */ = {isa = PBXBuildFile; fileRef = FAB3D08D276F89E50002C6D0 /* Main.storyboard */; };
		FAB3D091276F89EA0002C6D0 /* Assets.xcassets in Resources */ = {isa = PBXBuildFile; fileRef = FAB3D090276F89EA0002C6D0 /* Assets.xcassets */; };
		FAB3D094276F89EA0002C6D0 /* LaunchScreen.storyboard in Resources */ = {isa = PBXBuildFile; fileRef = FAB3D092276F89EA0002C6D0 /* LaunchScreen.storyboard */; };
		FADFA175276F9436009B4E22 /* Network.swift in Sources */ = {isa = PBXBuildFile; fileRef = FADFA174276F9436009B4E22 /* Network.swift */; };
		FADFA178276F94EC009B4E22 /* Movie.swift in Sources */ = {isa = PBXBuildFile; fileRef = FADFA177276F94EC009B4E22 /* Movie.swift */; };
		FADFA17C276F963E009B4E22 /* MainVM.swift in Sources */ = {isa = PBXBuildFile; fileRef = FADFA17B276F963E009B4E22 /* MainVM.swift */; };
/* End PBXBuildFile section */

/* Begin PBXFileReference section */
		6BDD35E13162C5C35D4AFE75 /* Pods_MovieApp.framework */ = {isa = PBXFileReference; explicitFileType = wrapper.framework; includeInIndex = 0; path = Pods_MovieApp.framework; sourceTree = BUILT_PRODUCTS_DIR; };
		8473C752281A3044870E12C4 /* Pods-MovieApp.debug.xcconfig */ = {isa = PBXFileReference; includeInIndex = 1; lastKnownFileType = text.xcconfig; name = "Pods-MovieApp.debug.xcconfig"; path = "Target Support Files/Pods-MovieApp/Pods-MovieApp.debug.xcconfig"; sourceTree = "<group>"; };
		9A9AB4B71D15F6A4DB5013D6 /* Pods-MovieApp.release.xcconfig */ = {isa = PBXFileReference; includeInIndex = 1; lastKnownFileType = text.xcconfig; name = "Pods-MovieApp.release.xcconfig"; path = "Target Support Files/Pods-MovieApp/Pods-MovieApp.release.xcconfig"; sourceTree = "<group>"; };
		FA5390182788843E00A387D7 /* DetailVC.swift */ = {isa = PBXFileReference; lastKnownFileType = sourcecode.swift; path = DetailVC.swift; sourceTree = "<group>"; };
		FA53901A2788844C00A387D7 /* DetailVM.swift */ = {isa = PBXFileReference; lastKnownFileType = sourcecode.swift; path = DetailVM.swift; sourceTree = "<group>"; };
		FA592EBC2784E78200992510 /* MineTableViewCell.swift */ = {isa = PBXFileReference; lastKnownFileType = sourcecode.swift; path = MineTableViewCell.swift; sourceTree = "<group>"; };
		FA592EBD2784E78200992510 /* MineTableViewCell.xib */ = {isa = PBXFileReference; lastKnownFileType = file.xib; path = MineTableViewCell.xib; sourceTree = "<group>"; };
		FAB3D084276F89E50002C6D0 /* MovieApp.app */ = {isa = PBXFileReference; explicitFileType = wrapper.application; includeInIndex = 0; path = MovieApp.app; sourceTree = BUILT_PRODUCTS_DIR; };
		FAB3D087276F89E50002C6D0 /* AppDelegate.swift */ = {isa = PBXFileReference; lastKnownFileType = sourcecode.swift; path = AppDelegate.swift; sourceTree = "<group>"; };
		FAB3D089276F89E50002C6D0 /* SceneDelegate.swift */ = {isa = PBXFileReference; lastKnownFileType = sourcecode.swift; path = SceneDelegate.swift; sourceTree = "<group>"; };
		FAB3D08B276F89E50002C6D0 /* MainVC.swift */ = {isa = PBXFileReference; lastKnownFileType = sourcecode.swift; path = MainVC.swift; sourceTree = "<group>"; };
		FAB3D08E276F89E50002C6D0 /* Base */ = {isa = PBXFileReference; lastKnownFileType = file.storyboard; name = Base; path = Base.lproj/Main.storyboard; sourceTree = "<group>"; };
		FAB3D090276F89EA0002C6D0 /* Assets.xcassets */ = {isa = PBXFileReference; lastKnownFileType = folder.assetcatalog; path = Assets.xcassets; sourceTree = "<group>"; };
		FAB3D093276F89EA0002C6D0 /* Base */ = {isa = PBXFileReference; lastKnownFileType = file.storyboard; name = Base; path = Base.lproj/LaunchScreen.storyboard; sourceTree = "<group>"; };
		FAB3D095276F89EA0002C6D0 /* Info.plist */ = {isa = PBXFileReference; lastKnownFileType = text.plist.xml; path = Info.plist; sourceTree = "<group>"; };
		FADFA174276F9436009B4E22 /* Network.swift */ = {isa = PBXFileReference; lastKnownFileType = sourcecode.swift; path = Network.swift; sourceTree = "<group>"; };
		FADFA177276F94EC009B4E22 /* Movie.swift */ = {isa = PBXFileReference; lastKnownFileType = sourcecode.swift; path = Movie.swift; sourceTree = "<group>"; };
		FADFA17B276F963E009B4E22 /* MainVM.swift */ = {isa = PBXFileReference; lastKnownFileType = sourcecode.swift; path = MainVM.swift; sourceTree = "<group>"; };
/* End PBXFileReference section */

/* Begin PBXFrameworksBuildPhase section */
		FAB3D081276F89E50002C6D0 /* Frameworks */ = {
			isa = PBXFrameworksBuildPhase;
			buildActionMask = 2147483647;
			files = (
				7E47F55EA97D6B131BE8438A /* Pods_MovieApp.framework in Frameworks */,
			);
			runOnlyForDeploymentPostprocessing = 0;
		};
/* End PBXFrameworksBuildPhase section */

/* Begin PBXGroup section */
		1883CBB03E2BF5AE79B22B7E /* Frameworks */ = {
			isa = PBXGroup;
			children = (
				6BDD35E13162C5C35D4AFE75 /* Pods_MovieApp.framework */,
			);
			name = Frameworks;
			sourceTree = "<group>";
		};
		2E5444B0775A90EED42DBE97 /* Pods */ = {
			isa = PBXGroup;
			children = (
				8473C752281A3044870E12C4 /* Pods-MovieApp.debug.xcconfig */,
				9A9AB4B71D15F6A4DB5013D6 /* Pods-MovieApp.release.xcconfig */,
			);
			path = Pods;
			sourceTree = "<group>";
		};
		FA5390172788840C00A387D7 /* DetailFlow */ = {
			isa = PBXGroup;
			children = (
				FA5390182788843E00A387D7 /* DetailVC.swift */,
				FA53901A2788844C00A387D7 /* DetailVM.swift */,
			);
			path = DetailFlow;
			sourceTree = "<group>";
		};
		FA592EB32784DD7900992510 /* Cell  */ = {
			isa = PBXGroup;
			children = (
				FA592EBC2784E78200992510 /* MineTableViewCell.swift */,
				FA592EBD2784E78200992510 /* MineTableViewCell.xib */,
			);
			path = "Cell ";
			sourceTree = "<group>";
		};
		FAB3D07B276F89E50002C6D0 = {
			isa = PBXGroup;
			children = (
				FAB3D086276F89E50002C6D0 /* MovieApp */,
				FAB3D085276F89E50002C6D0 /* Products */,
				2E5444B0775A90EED42DBE97 /* Pods */,
				1883CBB03E2BF5AE79B22B7E /* Frameworks */,
			);
			sourceTree = "<group>";
		};
		FAB3D085276F89E50002C6D0 /* Products */ = {
			isa = PBXGroup;
			children = (
				FAB3D084276F89E50002C6D0 /* MovieApp.app */,
			);
			name = Products;
			sourceTree = "<group>";
		};
		FAB3D086276F89E50002C6D0 /* MovieApp */ = {
			isa = PBXGroup;
			children = (
				FADFA179276F9624009B4E22 /* HomeFlow */,
				FA5390172788840C00A387D7 /* DetailFlow */,
				FADFA172276F9404009B4E22 /* Commons */,
				FAB3D087276F89E50002C6D0 /* AppDelegate.swift */,
				FAB3D089276F89E50002C6D0 /* SceneDelegate.swift */,
				FAB3D08D276F89E50002C6D0 /* Main.storyboard */,
				FAB3D090276F89EA0002C6D0 /* Assets.xcassets */,
				FAB3D092276F89EA0002C6D0 /* LaunchScreen.storyboard */,
				FAB3D095276F89EA0002C6D0 /* Info.plist */,
			);
			path = MovieApp;
			sourceTree = "<group>";
		};
		FADFA172276F9404009B4E22 /* Commons */ = {
			isa = PBXGroup;
			children = (
				FA592EB32784DD7900992510 /* Cell  */,
				FADFA176276F94DD009B4E22 /* Model */,
				FADFA173276F9414009B4E22 /* NetworkService */,
			);
			path = Commons;
			sourceTree = "<group>";
		};
		FADFA173276F9414009B4E22 /* NetworkService */ = {
			isa = PBXGroup;
			children = (
				FADFA174276F9436009B4E22 /* Network.swift */,
			);
			path = NetworkService;
			sourceTree = "<group>";
		};
		FADFA176276F94DD009B4E22 /* Model */ = {
			isa = PBXGroup;
			children = (
				FADFA177276F94EC009B4E22 /* Movie.swift */,
			);
			path = Model;
			sourceTree = "<group>";
		};
		FADFA179276F9624009B4E22 /* HomeFlow */ = {
			isa = PBXGroup;
			children = (
				FAB3D08B276F89E50002C6D0 /* MainVC.swift */,
				FADFA17B276F963E009B4E22 /* MainVM.swift */,
			);
			path = HomeFlow;
			sourceTree = "<group>";
		};
/* End PBXGroup section */

/* Begin PBXNativeTarget section */
		FAB3D083276F89E50002C6D0 /* MovieApp */ = {
			isa = PBXNativeTarget;
			buildConfigurationList = FAB3D098276F89EA0002C6D0 /* Build configuration list for PBXNativeTarget "MovieApp" */;
			buildPhases = (
				DA651AAC391B2A402EA2E2C9 /* [CP] Check Pods Manifest.lock */,
				FAB3D080276F89E50002C6D0 /* Sources */,
				FAB3D081276F89E50002C6D0 /* Frameworks */,
				FAB3D082276F89E50002C6D0 /* Resources */,
				151B03482BAB787656232849 /* [CP] Embed Pods Frameworks */,
			);
			buildRules = (
			);
			dependencies = (
			);
			name = MovieApp;
			productName = MovieApp;
			productReference = FAB3D084276F89E50002C6D0 /* MovieApp.app */;
			productType = "com.apple.product-type.application";
		};
/* End PBXNativeTarget section */

/* Begin PBXProject section */
		FAB3D07C276F89E50002C6D0 /* Project object */ = {
			isa = PBXProject;
			attributes = {
				BuildIndependentTargetsInParallel = 1;
				LastSwiftUpdateCheck = 1300;
				LastUpgradeCheck = 1300;
				TargetAttributes = {
					FAB3D083276F89E50002C6D0 = {
						CreatedOnToolsVersion = 13.0;
					};
				};
			};
			buildConfigurationList = FAB3D07F276F89E50002C6D0 /* Build configuration list for PBXProject "MovieApp" */;
			compatibilityVersion = "Xcode 13.0";
			developmentRegion = en;
			hasScannedForEncodings = 0;
			knownRegions = (
				en,
				Base,
			);
			mainGroup = FAB3D07B276F89E50002C6D0;
			productRefGroup = FAB3D085276F89E50002C6D0 /* Products */;
			projectDirPath = "";
			projectRoot = "";
			targets = (
				FAB3D083276F89E50002C6D0 /* MovieApp */,
			);
		};
/* End PBXProject section */

/* Begin PBXResourcesBuildPhase section */
		FAB3D082276F89E50002C6D0 /* Resources */ = {
			isa = PBXResourcesBuildPhase;
			buildActionMask = 2147483647;
			files = (
				FAB3D094276F89EA0002C6D0 /* LaunchScreen.storyboard in Resources */,
				FAB3D091276F89EA0002C6D0 /* Assets.xcassets in Resources */,
				FA592EBF2784E78200992510 /* MineTableViewCell.xib in Resources */,
				FAB3D08F276F89E50002C6D0 /* Main.storyboard in Resources */,
			);
			runOnlyForDeploymentPostprocessing = 0;
		};
/* End PBXResourcesBuildPhase section */

/* Begin PBXShellScriptBuildPhase section */
		151B03482BAB787656232849 /* [CP] Embed Pods Frameworks */ = {
			isa = PBXShellScriptBuildPhase;
			buildActionMask = 2147483647;
			files = (
			);
			inputFileListPaths = (
				"${PODS_ROOT}/Target Support Files/Pods-MovieApp/Pods-MovieApp-frameworks-${CONFIGURATION}-input-files.xcfilelist",
			);
			name = "[CP] Embed Pods Frameworks";
			outputFileListPaths = (
				"${PODS_ROOT}/Target Support Files/Pods-MovieApp/Pods-MovieApp-frameworks-${CONFIGURATION}-output-files.xcfilelist",
			);
			runOnlyForDeploymentPostprocessing = 0;
			shellPath = /bin/sh;
			shellScript = "\"${PODS_ROOT}/Target Support Files/Pods-MovieApp/Pods-MovieApp-frameworks.sh\"\n";
			showEnvVarsInLog = 0;
		};
		DA651AAC391B2A402EA2E2C9 /* [CP] Check Pods Manifest.lock */ = {
			isa = PBXShellScriptBuildPhase;
			buildActionMask = 2147483647;
			files = (
			);
			inputFileListPaths = (
			);
			inputPaths = (
				"${PODS_PODFILE_DIR_PATH}/Podfile.lock",
				"${PODS_ROOT}/Manifest.lock",
			);
			name = "[CP] Check Pods Manifest.lock";
			outputFileListPaths = (
			);
			outputPaths = (
				"$(DERIVED_FILE_DIR)/Pods-MovieApp-checkManifestLockResult.txt",
			);
			runOnlyForDeploymentPostprocessing = 0;
			shellPath = /bin/sh;
			shellScript = "diff \"${PODS_PODFILE_DIR_PATH}/Podfile.lock\" \"${PODS_ROOT}/Manifest.lock\" > /dev/null\nif [ $? != 0 ] ; then\n    # print error to STDERR\n    echo \"error: The sandbox is not in sync with the Podfile.lock. Run 'pod install' or update your CocoaPods installation.\" >&2\n    exit 1\nfi\n# This output is used by Xcode 'outputs' to avoid re-running this script phase.\necho \"SUCCESS\" > \"${SCRIPT_OUTPUT_FILE_0}\"\n";
			showEnvVarsInLog = 0;
		};
/* End PBXShellScriptBuildPhase section */

/* Begin PBXSourcesBuildPhase section */
		FAB3D080276F89E50002C6D0 /* Sources */ = {
			isa = PBXSourcesBuildPhase;
			buildActionMask = 2147483647;
			files = (
				FA592EBE2784E78200992510 /* MineTableViewCell.swift in Sources */,
				FAB3D08C276F89E50002C6D0 /* MainVC.swift in Sources */,
				FADFA17C276F963E009B4E22 /* MainVM.swift in Sources */,
				FAB3D088276F89E50002C6D0 /* AppDelegate.swift in Sources */,
				FADFA175276F9436009B4E22 /* Network.swift in Sources */,
				FA5390192788843E00A387D7 /* DetailVC.swift in Sources */,
				FAB3D08A276F89E50002C6D0 /* SceneDelegate.swift in Sources */,
				FA53901B2788844C00A387D7 /* DetailVM.swift in Sources */,
				FADFA178276F94EC009B4E22 /* Movie.swift in Sources */,
			);
			runOnlyForDeploymentPostprocessing = 0;
		};
/* End PBXSourcesBuildPhase section */

/* Begin PBXVariantGroup section */
		FAB3D08D276F89E50002C6D0 /* Main.storyboard */ = {
			isa = PBXVariantGroup;
			children = (
				FAB3D08E276F89E50002C6D0 /* Base */,
			);
			name = Main.storyboard;
			sourceTree = "<group>";
		};
		FAB3D092276F89EA0002C6D0 /* LaunchScreen.storyboard */ = {
			isa = PBXVariantGroup;
			children = (
				FAB3D093276F89EA0002C6D0 /* Base */,
			);
			name = LaunchScreen.storyboard;
			sourceTree = "<group>";
		};
/* End PBXVariantGroup section */

/* Begin XCBuildConfiguration section */
		FAB3D096276F89EA0002C6D0 /* Debug */ = {
			isa = XCBuildConfiguration;
			buildSettings = {
				ALWAYS_SEARCH_USER_PATHS = NO;
				CLANG_ANALYZER_NONNULL = YES;
				CLANG_ANALYZER_NUMBER_OBJECT_CONVERSION = YES_AGGRESSIVE;
				CLANG_CXX_LANGUAGE_STANDARD = "gnu++17";
				CLANG_CXX_LIBRARY = "libc++";
				CLANG_ENABLE_MODULES = YES;
				CLANG_ENABLE_OBJC_ARC = YES;
				CLANG_ENABLE_OBJC_WEAK = YES;
				CLANG_WARN_BLOCK_CAPTURE_AUTORELEASING = YES;
				CLANG_WARN_BOOL_CONVERSION = YES;
				CLANG_WARN_COMMA = YES;
				CLANG_WARN_CONSTANT_CONVERSION = YES;
				CLANG_WARN_DEPRECATED_OBJC_IMPLEMENTATIONS = YES;
				CLANG_WARN_DIRECT_OBJC_ISA_USAGE = YES_ERROR;
				CLANG_WARN_DOCUMENTATION_COMMENTS = YES;
				CLANG_WARN_EMPTY_BODY = YES;
				CLANG_WARN_ENUM_CONVERSION = YES;
				CLANG_WARN_INFINITE_RECURSION = YES;
				CLANG_WARN_INT_CONVERSION = YES;
				CLANG_WARN_NON_LITERAL_NULL_CONVERSION = YES;
				CLANG_WARN_OBJC_IMPLICIT_RETAIN_SELF = YES;
				CLANG_WARN_OBJC_LITERAL_CONVERSION = YES;
				CLANG_WARN_OBJC_ROOT_CLASS = YES_ERROR;
				CLANG_WARN_QUOTED_INCLUDE_IN_FRAMEWORK_HEADER = YES;
				CLANG_WARN_RANGE_LOOP_ANALYSIS = YES;
				CLANG_WARN_STRICT_PROTOTYPES = YES;
				CLANG_WARN_SUSPICIOUS_MOVE = YES;
				CLANG_WARN_UNGUARDED_AVAILABILITY = YES_AGGRESSIVE;
				CLANG_WARN_UNREACHABLE_CODE = YES;
				CLANG_WARN__DUPLICATE_METHOD_MATCH = YES;
				COPY_PHASE_STRIP = NO;
				DEBUG_INFORMATION_FORMAT = dwarf;
				ENABLE_STRICT_OBJC_MSGSEND = YES;
				ENABLE_TESTABILITY = YES;
				GCC_C_LANGUAGE_STANDARD = gnu11;
				GCC_DYNAMIC_NO_PIC = NO;
				GCC_NO_COMMON_BLOCKS = YES;
				GCC_OPTIMIZATION_LEVEL = 0;
				GCC_PREPROCESSOR_DEFINITIONS = (
					"DEBUG=1",
					"$(inherited)",
				);
				GCC_WARN_64_TO_32_BIT_CONVERSION = YES;
				GCC_WARN_ABOUT_RETURN_TYPE = YES_ERROR;
				GCC_WARN_UNDECLARED_SELECTOR = YES;
				GCC_WARN_UNINITIALIZED_AUTOS = YES_AGGRESSIVE;
				GCC_WARN_UNUSED_FUNCTION = YES;
				GCC_WARN_UNUSED_VARIABLE = YES;
				IPHONEOS_DEPLOYMENT_TARGET = 15.0;
				MTL_ENABLE_DEBUG_INFO = INCLUDE_SOURCE;
				MTL_FAST_MATH = YES;
				ONLY_ACTIVE_ARCH = YES;
				SDKROOT = iphoneos;
				SWIFT_ACTIVE_COMPILATION_CONDITIONS = DEBUG;
				SWIFT_OPTIMIZATION_LEVEL = "-Onone";
			};
			name = Debug;
		};
		FAB3D097276F89EA0002C6D0 /* Release */ = {
			isa = XCBuildConfiguration;
			buildSettings = {
				ALWAYS_SEARCH_USER_PATHS = NO;
				CLANG_ANALYZER_NONNULL = YES;
				CLANG_ANALYZER_NUMBER_OBJECT_CONVERSION = YES_AGGRESSIVE;
				CLANG_CXX_LANGUAGE_STANDARD = "gnu++17";
				CLANG_CXX_LIBRARY = "libc++";
				CLANG_ENABLE_MODULES = YES;
				CLANG_ENABLE_OBJC_ARC = YES;
				CLANG_ENABLE_OBJC_WEAK = YES;
				CLANG_WARN_BLOCK_CAPTURE_AUTORELEASING = YES;
				CLANG_WARN_BOOL_CONVERSION = YES;
				CLANG_WARN_COMMA = YES;
				CLANG_WARN_CONSTANT_CONVERSION = YES;
				CLANG_WARN_DEPRECATED_OBJC_IMPLEMENTATIONS = YES;
				CLANG_WARN_DIRECT_OBJC_ISA_USAGE = YES_ERROR;
				CLANG_WARN_DOCUMENTATION_COMMENTS = YES;
				CLANG_WARN_EMPTY_BODY = YES;
				CLANG_WARN_ENUM_CONVERSION = YES;
				CLANG_WARN_INFINITE_RECURSION = YES;
				CLANG_WARN_INT_CONVERSION = YES;
				CLANG_WARN_NON_LITERAL_NULL_CONVERSION = YES;
				CLANG_WARN_OBJC_IMPLICIT_RETAIN_SELF = YES;
				CLANG_WARN_OBJC_LITERAL_CONVERSION = YES;
				CLANG_WARN_OBJC_ROOT_CLASS = YES_ERROR;
				CLANG_WARN_QUOTED_INCLUDE_IN_FRAMEWORK_HEADER = YES;
				CLANG_WARN_RANGE_LOOP_ANALYSIS = YES;
				CLANG_WARN_STRICT_PROTOTYPES = YES;
				CLANG_WARN_SUSPICIOUS_MOVE = YES;
				CLANG_WARN_UNGUARDED_AVAILABILITY = YES_AGGRESSIVE;
				CLANG_WARN_UNREACHABLE_CODE = YES;
				CLANG_WARN__DUPLICATE_METHOD_MATCH = YES;
				COPY_PHASE_STRIP = NO;
				DEBUG_INFORMATION_FORMAT = "dwarf-with-dsym";
				ENABLE_NS_ASSERTIONS = NO;
				ENABLE_STRICT_OBJC_MSGSEND = YES;
				GCC_C_LANGUAGE_STANDARD = gnu11;
				GCC_NO_COMMON_BLOCKS = YES;
				GCC_WARN_64_TO_32_BIT_CONVERSION = YES;
				GCC_WARN_ABOUT_RETURN_TYPE = YES_ERROR;
				GCC_WARN_UNDECLARED_SELECTOR = YES;
				GCC_WARN_UNINITIALIZED_AUTOS = YES_AGGRESSIVE;
				GCC_WARN_UNUSED_FUNCTION = YES;
				GCC_WARN_UNUSED_VARIABLE = YES;
				IPHONEOS_DEPLOYMENT_TARGET = 15.0;
				MTL_ENABLE_DEBUG_INFO = NO;
				MTL_FAST_MATH = YES;
				SDKROOT = iphoneos;
				SWIFT_COMPILATION_MODE = wholemodule;
				SWIFT_OPTIMIZATION_LEVEL = "-O";
				VALIDATE_PRODUCT = YES;
			};
			name = Release;
		};
		FAB3D099276F89EA0002C6D0 /* Debug */ = {
			isa = XCBuildConfiguration;
			baseConfigurationReference = 8473C752281A3044870E12C4 /* Pods-MovieApp.debug.xcconfig */;
			buildSettings = {
				ASSETCATALOG_COMPILER_APPICON_NAME = AppIcon;
				ASSETCATALOG_COMPILER_GLOBAL_ACCENT_COLOR_NAME = AccentColor;
				CODE_SIGN_STYLE = Automatic;
				CURRENT_PROJECT_VERSION = 1;
				DEVELOPMENT_TEAM = ZUBBCB62N3;
				GENERATE_INFOPLIST_FILE = YES;
				INFOPLIST_FILE = MovieApp/Info.plist;
				INFOPLIST_KEY_UIApplicationSupportsIndirectInputEvents = YES;
				INFOPLIST_KEY_UILaunchStoryboardName = LaunchScreen;
				INFOPLIST_KEY_UIMainStoryboardFile = Main;
				INFOPLIST_KEY_UISupportedInterfaceOrientations_iPad = "UIInterfaceOrientationPortrait UIInterfaceOrientationPortraitUpsideDown UIInterfaceOrientationLandscapeLeft UIInterfaceOrientationLandscapeRight";
				INFOPLIST_KEY_UISupportedInterfaceOrientations_iPhone = "UIInterfaceOrientationPortrait UIInterfaceOrientationLandscapeLeft UIInterfaceOrientationLandscapeRight";
				LD_RUNPATH_SEARCH_PATHS = (
					"$(inherited)",
					"@executable_path/Frameworks",
				);
				MARKETING_VERSION = 1.0;
				PRODUCT_BUNDLE_IDENTIFIER = com.eminhayal.MovieApp;
				PRODUCT_NAME = "$(TARGET_NAME)";
				SWIFT_EMIT_LOC_STRINGS = YES;
				SWIFT_VERSION = 5.0;
				TARGETED_DEVICE_FAMILY = 1;
			};
			name = Debug;
		};
		FAB3D09A276F89EA0002C6D0 /* Release */ = {
			isa = XCBuildConfiguration;
			baseConfigurationReference = 9A9AB4B71D15F6A4DB5013D6 /* Pods-MovieApp.release.xcconfig */;
			buildSettings = {
				ASSETCATALOG_COMPILER_APPICON_NAME = AppIcon;
				ASSETCATALOG_COMPILER_GLOBAL_ACCENT_COLOR_NAME = AccentColor;
				CODE_SIGN_STYLE = Automatic;
				CURRENT_PROJECT_VERSION = 1;
				DEVELOPMENT_TEAM = ZUBBCB62N3;
				GENERATE_INFOPLIST_FILE = YES;
				INFOPLIST_FILE = MovieApp/Info.plist;
				INFOPLIST_KEY_UIApplicationSupportsIndirectInputEvents = YES;
				INFOPLIST_KEY_UILaunchStoryboardName = LaunchScreen;
				INFOPLIST_KEY_UIMainStoryboardFile = Main;
				INFOPLIST_KEY_UISupportedInterfaceOrientations_iPad = "UIInterfaceOrientationPortrait UIInterfaceOrientationPortraitUpsideDown UIInterfaceOrientationLandscapeLeft UIInterfaceOrientationLandscapeRight";
				INFOPLIST_KEY_UISupportedInterfaceOrientations_iPhone = "UIInterfaceOrientationPortrait UIInterfaceOrientationLandscapeLeft UIInterfaceOrientationLandscapeRight";
				LD_RUNPATH_SEARCH_PATHS = (
					"$(inherited)",
					"@executable_path/Frameworks",
				);
				MARKETING_VERSION = 1.0;
				PRODUCT_BUNDLE_IDENTIFIER = com.eminhayal.MovieApp;
				PRODUCT_NAME = "$(TARGET_NAME)";
				SWIFT_EMIT_LOC_STRINGS = YES;
				SWIFT_VERSION = 5.0;
				TARGETED_DEVICE_FAMILY = 1;
			};
			name = Release;
		};
/* End XCBuildConfiguration section */

/* Begin XCConfigurationList section */
		FAB3D07F276F89E50002C6D0 /* Build configuration list for PBXProject "MovieApp" */ = {
			isa = XCConfigurationList;
			buildConfigurations = (
				FAB3D096276F89EA0002C6D0 /* Debug */,
				FAB3D097276F89EA0002C6D0 /* Release */,
			);
			defaultConfigurationIsVisible = 0;
			defaultConfigurationName = Release;
		};
		FAB3D098276F89EA0002C6D0 /* Build configuration list for PBXNativeTarget "MovieApp" */ = {
			isa = XCConfigurationList;
			buildConfigurations = (
				FAB3D099276F89EA0002C6D0 /* Debug */,
				FAB3D09A276F89EA0002C6D0 /* Release */,
			);
			defaultConfigurationIsVisible = 0;
			defaultConfigurationName = Release;
		};
/* End XCConfigurationList section */
	};
	rootObject = FAB3D07C276F89E50002C6D0 /* Project object */;
}
